// !$*UTF8*$!
{
	archiveVersion = 1;
	classes = {
	};
	objectVersion = 77;
	objects = {

/* Begin PBXBuildFile section */
		969B6FE62F1E733200177B52 /* Domain in Frameworks */ = {isa = PBXBuildFile; productRef = 969B6FE52F1E733200177B52 /* Domain */; };
		969B6FE92F1E746000177B52 /* Data in Frameworks */ = {isa = PBXBuildFile; productRef = 969B6FE82F1E746000177B52 /* Data */; };
		B0D0C7792F23810E008CB37E /* Presentation in Frameworks */ = {isa = PBXBuildFile; productRef = B0D0C7782F23810E008CB37E /* Presentation */; };
/* End PBXBuildFile section */

/* Begin PBXContainerItemProxy section */
		969B74122F1E7B6D00177B52 /* PBXContainerItemProxy */ = {
			isa = PBXContainerItemProxy;
			containerPortal = B0E593142F0A427A009D7980 /* Project object */;
			proxyType = 1;
			remoteGlobalIDString = B0E5931B2F0A427A009D7980;
			remoteInfo = FLINT;
		};
/* End PBXContainerItemProxy section */

/* Begin PBXFileReference section */
		969B6C012F1E489800177B52 /* Presentation */ = {isa = PBXFileReference; lastKnownFileType = wrapper; path = Presentation; sourceTree = "<group>"; };
		969B6FE42F1E725700177B52 /* Domain */ = {isa = PBXFileReference; lastKnownFileType = wrapper; path = Domain; sourceTree = "<group>"; };
		969B6FE72F1E743400177B52 /* Data */ = {isa = PBXFileReference; lastKnownFileType = wrapper; path = Data; sourceTree = "<group>"; };
		969B740E2F1E7B6D00177B52 /* FLINTTests.xctest */ = {isa = PBXFileReference; explicitFileType = wrapper.cfbundle; includeInIndex = 0; path = FLINTTests.xctest; sourceTree = BUILT_PRODUCTS_DIR; };
		B0E5931C2F0A427A009D7980 /* FLINT.app */ = {isa = PBXFileReference; explicitFileType = wrapper.application; includeInIndex = 0; path = FLINT.app; sourceTree = BUILT_PRODUCTS_DIR; };
/* End PBXFileReference section */

/* Begin PBXFileSystemSynchronizedBuildFileExceptionSet section */
		B0E5932E2F0A427C009D7980 /* Exceptions for "FLINT" folder in "FLINT" target */ = {
			isa = PBXFileSystemSynchronizedBuildFileExceptionSet;
			membershipExceptions = (
				Info.plist,
			);
			target = B0E5931B2F0A427A009D7980 /* FLINT */;
		};
/* End PBXFileSystemSynchronizedBuildFileExceptionSet section */

/* Begin PBXFileSystemSynchronizedRootGroup section */
		969B740F2F1E7B6D00177B52 /* FLINTTests */ = {
			isa = PBXFileSystemSynchronizedRootGroup;
			path = FLINTTests;
			sourceTree = "<group>";
		};
		B0E5931E2F0A427A009D7980 /* FLINT */ = {
			isa = PBXFileSystemSynchronizedRootGroup;
			exceptions = (
				B0E5932E2F0A427C009D7980 /* Exceptions for "FLINT" folder in "FLINT" target */,
			);
			path = FLINT;
			sourceTree = "<group>";
		};
/* End PBXFileSystemSynchronizedRootGroup section */

/* Begin PBXFrameworksBuildPhase section */
		969B740B2F1E7B6D00177B52 /* Frameworks */ = {
			isa = PBXFrameworksBuildPhase;
			buildActionMask = 2147483647;
			files = (
			);
			runOnlyForDeploymentPostprocessing = 0;
		};
		B0E593192F0A427A009D7980 /* Frameworks */ = {
			isa = PBXFrameworksBuildPhase;
			buildActionMask = 2147483647;
			files = (
				969B6FE62F1E733200177B52 /* Domain in Frameworks */,
				B0D0C7792F23810E008CB37E /* Presentation in Frameworks */,
				969B6FE92F1E746000177B52 /* Data in Frameworks */,
			);
			runOnlyForDeploymentPostprocessing = 0;
		};
/* End PBXFrameworksBuildPhase section */

/* Begin PBXGroup section */
		969B6C022F1E498400177B52 /* Frameworks */ = {
			isa = PBXGroup;
			children = (
			);
			name = Frameworks;
			sourceTree = "<group>";
		};
		B0E593132F0A427A009D7980 = {
			isa = PBXGroup;
			children = (
				969B6FE72F1E743400177B52 /* Data */,
				969B6FE42F1E725700177B52 /* Domain */,
				969B6C012F1E489800177B52 /* Presentation */,
				B0E5931E2F0A427A009D7980 /* FLINT */,
				969B740F2F1E7B6D00177B52 /* FLINTTests */,
				969B6C022F1E498400177B52 /* Frameworks */,
				B0E5931D2F0A427A009D7980 /* Products */,
			);
			sourceTree = "<group>";
		};
		B0E5931D2F0A427A009D7980 /* Products */ = {
			isa = PBXGroup;
			children = (
				B0E5931C2F0A427A009D7980 /* FLINT.app */,
				969B740E2F1E7B6D00177B52 /* FLINTTests.xctest */,
			);
			name = Products;
			sourceTree = "<group>";
		};
/* End PBXGroup section */

/* Begin PBXNativeTarget section */
		969B740D2F1E7B6D00177B52 /* FLINTTests */ = {
			isa = PBXNativeTarget;
			buildConfigurationList = 969B74142F1E7B6D00177B52 /* Build configuration list for PBXNativeTarget "FLINTTests" */;
			buildPhases = (
				969B740A2F1E7B6D00177B52 /* Sources */,
				969B740B2F1E7B6D00177B52 /* Frameworks */,
				969B740C2F1E7B6D00177B52 /* Resources */,
			);
			buildRules = (
			);
			dependencies = (
				969B74132F1E7B6D00177B52 /* PBXTargetDependency */,
			);
			fileSystemSynchronizedGroups = (
				969B740F2F1E7B6D00177B52 /* FLINTTests */,
			);
			name = FLINTTests;
			packageProductDependencies = (
			);
			productName = FLINTTests;
			productReference = 969B740E2F1E7B6D00177B52 /* FLINTTests.xctest */;
			productType = "com.apple.product-type.bundle.unit-test";
		};
		B0E5931B2F0A427A009D7980 /* FLINT */ = {
			isa = PBXNativeTarget;
			buildConfigurationList = B0E5932F2F0A427C009D7980 /* Build configuration list for PBXNativeTarget "FLINT" */;
			buildPhases = (
				B0E593182F0A427A009D7980 /* Sources */,
				B0E593192F0A427A009D7980 /* Frameworks */,
				B0E5931A2F0A427A009D7980 /* Resources */,
			);
			buildRules = (
			);
			dependencies = (
			);
			fileSystemSynchronizedGroups = (
				B0E5931E2F0A427A009D7980 /* FLINT */,
			);
			name = FLINT;
			packageProductDependencies = (
				969B6FE52F1E733200177B52 /* Domain */,
				969B6FE82F1E746000177B52 /* Data */,
				B0D0C7782F23810E008CB37E /* Presentation */,
			);
			productName = FLINT;
			productReference = B0E5931C2F0A427A009D7980 /* FLINT.app */;
			productType = "com.apple.product-type.application";
		};
/* End PBXNativeTarget section */

/* Begin PBXProject section */
		B0E593142F0A427A009D7980 /* Project object */ = {
			isa = PBXProject;
			attributes = {
				BuildIndependentTargetsInParallel = 1;
				LastSwiftUpdateCheck = 2620;
				LastUpgradeCheck = 2620;
				TargetAttributes = {
					969B740D2F1E7B6D00177B52 = {
						CreatedOnToolsVersion = 26.2;
						TestTargetID = B0E5931B2F0A427A009D7980;
					};
					B0E5931B2F0A427A009D7980 = {
						CreatedOnToolsVersion = 26.2;
					};
				};
			};
			buildConfigurationList = B0E593172F0A427A009D7980 /* Build configuration list for PBXProject "FLINT" */;
			developmentRegion = en;
			hasScannedForEncodings = 0;
			knownRegions = (
				en,
				Base,
			);
			mainGroup = B0E593132F0A427A009D7980;
			minimizedProjectReferenceProxies = 1;
			packageReferences = (
			);
			preferredProjectObjectVersion = 77;
			productRefGroup = B0E5931D2F0A427A009D7980 /* Products */;
			projectDirPath = "";
			projectRoot = "";
			targets = (
				B0E5931B2F0A427A009D7980 /* FLINT */,
				969B740D2F1E7B6D00177B52 /* FLINTTests */,
			);
		};
/* End PBXProject section */

/* Begin PBXResourcesBuildPhase section */
		969B740C2F1E7B6D00177B52 /* Resources */ = {
			isa = PBXResourcesBuildPhase;
			buildActionMask = 2147483647;
			files = (
			);
			runOnlyForDeploymentPostprocessing = 0;
		};
		B0E5931A2F0A427A009D7980 /* Resources */ = {
			isa = PBXResourcesBuildPhase;
			buildActionMask = 2147483647;
			files = (
			);
			runOnlyForDeploymentPostprocessing = 0;
		};
/* End PBXResourcesBuildPhase section */

/* Begin PBXSourcesBuildPhase section */
		969B740A2F1E7B6D00177B52 /* Sources */ = {
			isa = PBXSourcesBuildPhase;
			buildActionMask = 2147483647;
			files = (
			);
			runOnlyForDeploymentPostprocessing = 0;
		};
		B0E593182F0A427A009D7980 /* Sources */ = {
			isa = PBXSourcesBuildPhase;
			buildActionMask = 2147483647;
			files = (
			);
			runOnlyForDeploymentPostprocessing = 0;
		};
/* End PBXSourcesBuildPhase section */

/* Begin PBXTargetDependency section */
		969B74132F1E7B6D00177B52 /* PBXTargetDependency */ = {
			isa = PBXTargetDependency;
			target = B0E5931B2F0A427A009D7980 /* FLINT */;
			targetProxy = 969B74122F1E7B6D00177B52 /* PBXContainerItemProxy */;
		};
/* End PBXTargetDependency section */

/* Begin XCBuildConfiguration section */
		969B74152F1E7B6D00177B52 /* Debug */ = {
			isa = XCBuildConfiguration;
			baseConfigurationReferenceAnchor = B0E5931E2F0A427A009D7980 /* FLINT */;
			baseConfigurationReferenceRelativePath = "Flint-iOS-Private/Secret.xcconfig";
			buildSettings = {
				BUNDLE_LOADER = "$(TEST_HOST)";
				CODE_SIGN_STYLE = Automatic;
				CURRENT_PROJECT_VERSION = 1;
				DEVELOPMENT_TEAM = JU27F4BHH8;
				GENERATE_INFOPLIST_FILE = YES;
				IPHONEOS_DEPLOYMENT_TARGET = 26.2;
				MACOSX_DEPLOYMENT_TARGET = 26.2;
				MARKETING_VERSION = 1.0;
				PRODUCT_BUNDLE_IDENTIFIER = com.hosungkim.FLINTTests;
				PRODUCT_NAME = "$(TARGET_NAME)";
				SDKROOT = auto;
				STRING_CATALOG_GENERATE_SYMBOLS = NO;
				SUPPORTED_PLATFORMS = "iphoneos iphonesimulator macosx xros xrsimulator";
				SWIFT_APPROACHABLE_CONCURRENCY = YES;
				SWIFT_EMIT_LOC_STRINGS = NO;
				SWIFT_UPCOMING_FEATURE_MEMBER_IMPORT_VISIBILITY = YES;
				SWIFT_VERSION = 5.0;
				TARGETED_DEVICE_FAMILY = "1,2,7";
				TEST_HOST = "$(BUILT_PRODUCTS_DIR)/FLINT.app/$(BUNDLE_EXECUTABLE_FOLDER_PATH)/FLINT";
				XROS_DEPLOYMENT_TARGET = 26.2;
			};
			name = Debug;
		};
		969B74162F1E7B6D00177B52 /* Release */ = {
			isa = XCBuildConfiguration;
			baseConfigurationReferenceAnchor = B0E5931E2F0A427A009D7980 /* FLINT */;
			baseConfigurationReferenceRelativePath = "Flint-iOS-Private/Secret.xcconfig";
			buildSettings = {
				BUNDLE_LOADER = "$(TEST_HOST)";
				CODE_SIGN_STYLE = Automatic;
				CURRENT_PROJECT_VERSION = 1;
				DEVELOPMENT_TEAM = JU27F4BHH8;
				GENERATE_INFOPLIST_FILE = YES;
				IPHONEOS_DEPLOYMENT_TARGET = 26.2;
				MACOSX_DEPLOYMENT_TARGET = 26.2;
				MARKETING_VERSION = 1.0;
				PRODUCT_BUNDLE_IDENTIFIER = com.hosungkim.FLINTTests;
				PRODUCT_NAME = "$(TARGET_NAME)";
				SDKROOT = auto;
				STRING_CATALOG_GENERATE_SYMBOLS = NO;
				SUPPORTED_PLATFORMS = "iphoneos iphonesimulator macosx xros xrsimulator";
				SWIFT_APPROACHABLE_CONCURRENCY = YES;
				SWIFT_EMIT_LOC_STRINGS = NO;
				SWIFT_UPCOMING_FEATURE_MEMBER_IMPORT_VISIBILITY = YES;
				SWIFT_VERSION = 5.0;
				TARGETED_DEVICE_FAMILY = "1,2,7";
				TEST_HOST = "$(BUILT_PRODUCTS_DIR)/FLINT.app/$(BUNDLE_EXECUTABLE_FOLDER_PATH)/FLINT";
				XROS_DEPLOYMENT_TARGET = 26.2;
			};
			name = Release;
		};
		B0E593302F0A427C009D7980 /* Debug */ = {
			isa = XCBuildConfiguration;
			baseConfigurationReferenceAnchor = B0E5931E2F0A427A009D7980 /* FLINT */;
			baseConfigurationReferenceRelativePath = "Flint-iOS-Private/Secret.xcconfig";
			buildSettings = {
				ASSETCATALOG_COMPILER_APPICON_NAME = AppIcon;
				ASSETCATALOG_COMPILER_GLOBAL_ACCENT_COLOR_NAME = AccentColor;
				CODE_SIGN_IDENTITY = "Apple Development";
				CODE_SIGN_STYLE = Automatic;
				CURRENT_PROJECT_VERSION = 1;
				DEVELOPMENT_TEAM = 7673J645BX;
				GENERATE_INFOPLIST_FILE = YES;
				INFOPLIST_FILE = FLINT/Info.plist;
				INFOPLIST_KEY_NSPhotoLibraryUsageDescription = "Flint에서 이미지를 등록하려면 사진 접근 권한이 필요해요.";
				INFOPLIST_KEY_UIApplicationSupportsIndirectInputEvents = YES;
				INFOPLIST_KEY_UILaunchStoryboardName = LaunchScreen;
				INFOPLIST_KEY_UISupportedInterfaceOrientations_iPad = "UIInterfaceOrientationPortrait UIInterfaceOrientationPortraitUpsideDown UIInterfaceOrientationLandscapeLeft UIInterfaceOrientationLandscapeRight";
				INFOPLIST_KEY_UISupportedInterfaceOrientations_iPhone = "UIInterfaceOrientationPortrait UIInterfaceOrientationLandscapeLeft UIInterfaceOrientationLandscapeRight";
				IPHONEOS_DEPLOYMENT_TARGET = 16.6;
				LD_RUNPATH_SEARCH_PATHS = (
					"$(inherited)",
					"@executable_path/Frameworks",
				);
				MARKETING_VERSION = 1.0;
				PRODUCT_BUNDLE_IDENTIFIER = com.imflint.flint;
				PRODUCT_NAME = "$(TARGET_NAME)";
				PROVISIONING_PROFILE_SPECIFIER = "";
				STRING_CATALOG_GENERATE_SYMBOLS = YES;
				SWIFT_APPROACHABLE_CONCURRENCY = YES;
				SWIFT_DEFAULT_ACTOR_ISOLATION = MainActor;
				SWIFT_EMIT_LOC_STRINGS = YES;
				SWIFT_UPCOMING_FEATURE_MEMBER_IMPORT_VISIBILITY = YES;
				SWIFT_VERSION = 5.0;
				TARGETED_DEVICE_FAMILY = "1,2";
			};
			name = Debug;
		};
		B0E593312F0A427C009D7980 /* Release */ = {
			isa = XCBuildConfiguration;
			baseConfigurationReferenceAnchor = B0E5931E2F0A427A009D7980 /* FLINT */;
			baseConfigurationReferenceRelativePath = "Flint-iOS-Private/Secret.xcconfig";
			buildSettings = {
				ASSETCATALOG_COMPILER_APPICON_NAME = AppIcon;
				ASSETCATALOG_COMPILER_GLOBAL_ACCENT_COLOR_NAME = AccentColor;
				CODE_SIGN_IDENTITY = "Apple Development";
				CODE_SIGN_STYLE = Automatic;
				CURRENT_PROJECT_VERSION = 1;
				DEVELOPMENT_TEAM = 7673J645BX;
				GENERATE_INFOPLIST_FILE = YES;
				INFOPLIST_FILE = FLINT/Info.plist;
				INFOPLIST_KEY_NSPhotoLibraryUsageDescription = "Flint에서 이미지를 등록하려면 사진 접근 권한이 필요해요.";
				INFOPLIST_KEY_UIApplicationSupportsIndirectInputEvents = YES;
				INFOPLIST_KEY_UILaunchStoryboardName = LaunchScreen;
				INFOPLIST_KEY_UISupportedInterfaceOrientations_iPad = "UIInterfaceOrientationPortrait UIInterfaceOrientationPortraitUpsideDown UIInterfaceOrientationLandscapeLeft UIInterfaceOrientationLandscapeRight";
				INFOPLIST_KEY_UISupportedInterfaceOrientations_iPhone = "UIInterfaceOrientationPortrait UIInterfaceOrientationLandscapeLeft UIInterfaceOrientationLandscapeRight";
				IPHONEOS_DEPLOYMENT_TARGET = 16.6;
				LD_RUNPATH_SEARCH_PATHS = (
					"$(inherited)",
					"@executable_path/Frameworks",
				);
				MARKETING_VERSION = 1.0;
				PRODUCT_BUNDLE_IDENTIFIER = com.imflint.flint;
				PRODUCT_NAME = "$(TARGET_NAME)";
				PROVISIONING_PROFILE_SPECIFIER = "";
				STRING_CATALOG_GENERATE_SYMBOLS = YES;
				SWIFT_APPROACHABLE_CONCURRENCY = YES;
				SWIFT_DEFAULT_ACTOR_ISOLATION = MainActor;
				SWIFT_EMIT_LOC_STRINGS = YES;
				SWIFT_UPCOMING_FEATURE_MEMBER_IMPORT_VISIBILITY = YES;
				SWIFT_VERSION = 5.0;
				TARGETED_DEVICE_FAMILY = "1,2";
			};
			name = Release;
		};
		B0E593322F0A427C009D7980 /* Debug */ = {
			isa = XCBuildConfiguration;
			baseConfigurationReferenceAnchor = B0E5931E2F0A427A009D7980 /* FLINT */;
			baseConfigurationReferenceRelativePath = "Flint-iOS-Private/Secret.xcconfig";
			buildSettings = {
				ALWAYS_SEARCH_USER_PATHS = NO;
				ASSETCATALOG_COMPILER_GENERATE_SWIFT_ASSET_SYMBOL_EXTENSIONS = YES;
				CLANG_ANALYZER_NONNULL = YES;
				CLANG_ANALYZER_NUMBER_OBJECT_CONVERSION = YES_AGGRESSIVE;
				CLANG_CXX_LANGUAGE_STANDARD = "gnu++20";
				CLANG_ENABLE_MODULES = YES;
				CLANG_ENABLE_OBJC_ARC = YES;
				CLANG_ENABLE_OBJC_WEAK = YES;
				CLANG_WARN_BLOCK_CAPTURE_AUTORELEASING = YES;
				CLANG_WARN_BOOL_CONVERSION = YES;
				CLANG_WARN_COMMA = YES;
				CLANG_WARN_CONSTANT_CONVERSION = YES;
				CLANG_WARN_DEPRECATED_OBJC_IMPLEMENTATIONS = YES;
				CLANG_WARN_DIRECT_OBJC_ISA_USAGE = YES_ERROR;
				CLANG_WARN_DOCUMENTATION_COMMENTS = YES;
				CLANG_WARN_EMPTY_BODY = YES;
				CLANG_WARN_ENUM_CONVERSION = YES;
				CLANG_WARN_INFINITE_RECURSION = YES;
				CLANG_WARN_INT_CONVERSION = YES;
				CLANG_WARN_NON_LITERAL_NULL_CONVERSION = YES;
				CLANG_WARN_OBJC_IMPLICIT_RETAIN_SELF = YES;
				CLANG_WARN_OBJC_LITERAL_CONVERSION = YES;
				CLANG_WARN_OBJC_ROOT_CLASS = YES_ERROR;
				CLANG_WARN_QUOTED_INCLUDE_IN_FRAMEWORK_HEADER = YES;
				CLANG_WARN_RANGE_LOOP_ANALYSIS = YES;
				CLANG_WARN_STRICT_PROTOTYPES = YES;
				CLANG_WARN_SUSPICIOUS_MOVE = YES;
				CLANG_WARN_UNGUARDED_AVAILABILITY = YES_AGGRESSIVE;
				CLANG_WARN_UNREACHABLE_CODE = YES;
				CLANG_WARN__DUPLICATE_METHOD_MATCH = YES;
				COPY_PHASE_STRIP = NO;
				DEBUG_INFORMATION_FORMAT = dwarf;
				DEVELOPMENT_TEAM = 25T8MAPKDL;
				ENABLE_STRICT_OBJC_MSGSEND = YES;
				ENABLE_TESTABILITY = YES;
				ENABLE_USER_SCRIPT_SANDBOXING = YES;
				GCC_C_LANGUAGE_STANDARD = gnu17;
				GCC_DYNAMIC_NO_PIC = NO;
				GCC_NO_COMMON_BLOCKS = YES;
				GCC_OPTIMIZATION_LEVEL = 0;
				GCC_PREPROCESSOR_DEFINITIONS = (
					"DEBUG=1",
					"$(inherited)",
				);
				GCC_WARN_64_TO_32_BIT_CONVERSION = YES;
				GCC_WARN_ABOUT_RETURN_TYPE = YES_ERROR;
				GCC_WARN_UNDECLARED_SELECTOR = YES;
				GCC_WARN_UNINITIALIZED_AUTOS = YES_AGGRESSIVE;
				GCC_WARN_UNUSED_FUNCTION = YES;
				GCC_WARN_UNUSED_VARIABLE = YES;
				IPHONEOS_DEPLOYMENT_TARGET = 26.2;
				LOCALIZATION_PREFERS_STRING_CATALOGS = YES;
				MTL_ENABLE_DEBUG_INFO = INCLUDE_SOURCE;
				MTL_FAST_MATH = YES;
				ONLY_ACTIVE_ARCH = YES;
				SDKROOT = iphoneos;
				SWIFT_ACTIVE_COMPILATION_CONDITIONS = "DEBUG $(inherited)";
				SWIFT_OPTIMIZATION_LEVEL = "-Onone";
			};
			name = Debug;
		};
		B0E593332F0A427C009D7980 /* Release */ = {
			isa = XCBuildConfiguration;
			baseConfigurationReferenceAnchor = B0E5931E2F0A427A009D7980 /* FLINT */;
			baseConfigurationReferenceRelativePath = "Flint-iOS-Private/Secret.xcconfig";
			buildSettings = {
				ALWAYS_SEARCH_USER_PATHS = NO;
				ASSETCATALOG_COMPILER_GENERATE_SWIFT_ASSET_SYMBOL_EXTENSIONS = YES;
				CLANG_ANALYZER_NONNULL = YES;
				CLANG_ANALYZER_NUMBER_OBJECT_CONVERSION = YES_AGGRESSIVE;
				CLANG_CXX_LANGUAGE_STANDARD = "gnu++20";
				CLANG_ENABLE_MODULES = YES;
				CLANG_ENABLE_OBJC_ARC = YES;
				CLANG_ENABLE_OBJC_WEAK = YES;
				CLANG_WARN_BLOCK_CAPTURE_AUTORELEASING = YES;
				CLANG_WARN_BOOL_CONVERSION = YES;
				CLANG_WARN_COMMA = YES;
				CLANG_WARN_CONSTANT_CONVERSION = YES;
				CLANG_WARN_DEPRECATED_OBJC_IMPLEMENTATIONS = YES;
				CLANG_WARN_DIRECT_OBJC_ISA_USAGE = YES_ERROR;
				CLANG_WARN_DOCUMENTATION_COMMENTS = YES;
				CLANG_WARN_EMPTY_BODY = YES;
				CLANG_WARN_ENUM_CONVERSION = YES;
				CLANG_WARN_INFINITE_RECURSION = YES;
				CLANG_WARN_INT_CONVERSION = YES;
				CLANG_WARN_NON_LITERAL_NULL_CONVERSION = YES;
				CLANG_WARN_OBJC_IMPLICIT_RETAIN_SELF = YES;
				CLANG_WARN_OBJC_LITERAL_CONVERSION = YES;
				CLANG_WARN_OBJC_ROOT_CLASS = YES_ERROR;
				CLANG_WARN_QUOTED_INCLUDE_IN_FRAMEWORK_HEADER = YES;
				CLANG_WARN_RANGE_LOOP_ANALYSIS = YES;
				CLANG_WARN_STRICT_PROTOTYPES = YES;
				CLANG_WARN_SUSPICIOUS_MOVE = YES;
				CLANG_WARN_UNGUARDED_AVAILABILITY = YES_AGGRESSIVE;
				CLANG_WARN_UNREACHABLE_CODE = YES;
				CLANG_WARN__DUPLICATE_METHOD_MATCH = YES;
				COPY_PHASE_STRIP = NO;
				DEBUG_INFORMATION_FORMAT = "dwarf-with-dsym";
				DEVELOPMENT_TEAM = 25T8MAPKDL;
				ENABLE_NS_ASSERTIONS = NO;
				ENABLE_STRICT_OBJC_MSGSEND = YES;
				ENABLE_USER_SCRIPT_SANDBOXING = YES;
				GCC_C_LANGUAGE_STANDARD = gnu17;
				GCC_NO_COMMON_BLOCKS = YES;
				GCC_WARN_64_TO_32_BIT_CONVERSION = YES;
				GCC_WARN_ABOUT_RETURN_TYPE = YES_ERROR;
				GCC_WARN_UNDECLARED_SELECTOR = YES;
				GCC_WARN_UNINITIALIZED_AUTOS = YES_AGGRESSIVE;
				GCC_WARN_UNUSED_FUNCTION = YES;
				GCC_WARN_UNUSED_VARIABLE = YES;
				IPHONEOS_DEPLOYMENT_TARGET = 26.2;
				LOCALIZATION_PREFERS_STRING_CATALOGS = YES;
				MTL_ENABLE_DEBUG_INFO = NO;
				MTL_FAST_MATH = YES;
				SDKROOT = iphoneos;
				SWIFT_COMPILATION_MODE = wholemodule;
				VALIDATE_PRODUCT = YES;
			};
			name = Release;
		};
/* End XCBuildConfiguration section */

/* Begin XCConfigurationList section */
		969B74142F1E7B6D00177B52 /* Build configuration list for PBXNativeTarget "FLINTTests" */ = {
			isa = XCConfigurationList;
			buildConfigurations = (
				969B74152F1E7B6D00177B52 /* Debug */,
				969B74162F1E7B6D00177B52 /* Release */,
			);
			defaultConfigurationIsVisible = 0;
			defaultConfigurationName = Release;
		};
		B0E593172F0A427A009D7980 /* Build configuration list for PBXProject "FLINT" */ = {
			isa = XCConfigurationList;
			buildConfigurations = (
				B0E593322F0A427C009D7980 /* Debug */,
				B0E593332F0A427C009D7980 /* Release */,
			);
			defaultConfigurationIsVisible = 0;
			defaultConfigurationName = Release;
		};
		B0E5932F2F0A427C009D7980 /* Build configuration list for PBXNativeTarget "FLINT" */ = {
			isa = XCConfigurationList;
			buildConfigurations = (
				B0E593302F0A427C009D7980 /* Debug */,
				B0E593312F0A427C009D7980 /* Release */,
			);
			defaultConfigurationIsVisible = 0;
			defaultConfigurationName = Release;
		};
/* End XCConfigurationList section */

/* Begin XCSwiftPackageProductDependency section */
		969B6FE52F1E733200177B52 /* Domain */ = {
			isa = XCSwiftPackageProductDependency;
			productName = Domain;
		};
		969B6FE82F1E746000177B52 /* Data */ = {
			isa = XCSwiftPackageProductDependency;
			productName = Data;
		};
		B0D0C7782F23810E008CB37E /* Presentation */ = {
			isa = XCSwiftPackageProductDependency;
			productName = Presentation;
		};
/* End XCSwiftPackageProductDependency section */
	};
	rootObject = B0E593142F0A427A009D7980 /* Project object */;
}
