// !$*UTF8*$!
{
	archiveVersion = 1;
	classes = {
	};
	objectVersion = 77;
	objects = {

/* Begin PBXBuildFile section */
		B0E593912F0BFB1C009D7980 /* SnapKit in Frameworks */ = {isa = PBXBuildFile; productRef = B0E593902F0BFB1C009D7980 /* SnapKit */; };
		B0E593942F0BFB28009D7980 /* Then in Frameworks */ = {isa = PBXBuildFile; productRef = B0E593932F0BFB28009D7980 /* Then */; };
		B0E593972F0BFB32009D7980 /* Kingfisher in Frameworks */ = {isa = PBXBuildFile; productRef = B0E593962F0BFB32009D7980 /* Kingfisher */; };
		B0E5939A2F0BFB88009D7980 /* CombineMoya in Frameworks */ = {isa = PBXBuildFile; productRef = B0E593992F0BFB88009D7980 /* CombineMoya */; };
		B0E5939C2F0BFB88009D7980 /* Moya in Frameworks */ = {isa = PBXBuildFile; productRef = B0E5939B2F0BFB88009D7980 /* Moya */; };
		B0E5939E2F0BFB88009D7980 /* ReactiveMoya in Frameworks */ = {isa = PBXBuildFile; productRef = B0E5939D2F0BFB88009D7980 /* ReactiveMoya */; };
		B0E593A02F0BFB88009D7980 /* RxMoya in Frameworks */ = {isa = PBXBuildFile; productRef = B0E5939F2F0BFB88009D7980 /* RxMoya */; };
		B0E593A32F0BFC56009D7980 /* Lottie in Frameworks */ = {isa = PBXBuildFile; productRef = B0E593A22F0BFC56009D7980 /* Lottie */; };
/* End PBXBuildFile section */

/* Begin PBXFileReference section */
		B0E5931C2F0A427A009D7980 /* FLINT.app */ = {isa = PBXFileReference; explicitFileType = wrapper.application; includeInIndex = 0; path = FLINT.app; sourceTree = BUILT_PRODUCTS_DIR; };
/* End PBXFileReference section */

/* Begin PBXFileSystemSynchronizedBuildFileExceptionSet section */
		B0E5932E2F0A427C009D7980 /* Exceptions for "FLINT" folder in "FLINT" target */ = {
			isa = PBXFileSystemSynchronizedBuildFileExceptionSet;
			membershipExceptions = (
				Core/Network/API/.gitkeep,
				Core/Network/DTO/.gitkeep,
				Core/Network/Error/.gitkeep,
				Data/Repository/.gitkeep,
				Domain/Entity/.gitkeep,
				Domain/Interface/.gitkeep,
				Domain/UseCase/.gitkeep,
				Info.plist,
			);
			target = B0E5931B2F0A427A009D7980 /* FLINT */;
		};
/* End PBXFileSystemSynchronizedBuildFileExceptionSet section */

/* Begin PBXFileSystemSynchronizedRootGroup section */
		B0E5931E2F0A427A009D7980 /* FLINT */ = {
			isa = PBXFileSystemSynchronizedRootGroup;
			exceptions = (
				B0E5932E2F0A427C009D7980 /* Exceptions for "FLINT" folder in "FLINT" target */,
			);
			path = FLINT;
			sourceTree = "<group>";
		};
/* End PBXFileSystemSynchronizedRootGroup section */

/* Begin PBXFrameworksBuildPhase section */
		B0E593192F0A427A009D7980 /* Frameworks */ = {
			isa = PBXFrameworksBuildPhase;
			buildActionMask = 2147483647;
			files = (
				B0E593972F0BFB32009D7980 /* Kingfisher in Frameworks */,
				B0E593912F0BFB1C009D7980 /* SnapKit in Frameworks */,
				B0E5939A2F0BFB88009D7980 /* CombineMoya in Frameworks */,
				B0E5939C2F0BFB88009D7980 /* Moya in Frameworks */,
				B0E593A02F0BFB88009D7980 /* RxMoya in Frameworks */,
				B0E593942F0BFB28009D7980 /* Then in Frameworks */,
				B0E5939E2F0BFB88009D7980 /* ReactiveMoya in Frameworks */,
				B0E593A32F0BFC56009D7980 /* Lottie in Frameworks */,
			);
			runOnlyForDeploymentPostprocessing = 0;
		};
/* End PBXFrameworksBuildPhase section */

/* Begin PBXGroup section */
		B0E593132F0A427A009D7980 = {
			isa = PBXGroup;
			children = (
				B0E5931E2F0A427A009D7980 /* FLINT */,
				B0E5931D2F0A427A009D7980 /* Products */,
			);
			sourceTree = "<group>";
		};
		B0E5931D2F0A427A009D7980 /* Products */ = {
			isa = PBXGroup;
			children = (
				B0E5931C2F0A427A009D7980 /* FLINT.app */,
			);
			name = Products;
			sourceTree = "<group>";
		};
/* End PBXGroup section */

/* Begin PBXNativeTarget section */
		B0E5931B2F0A427A009D7980 /* FLINT */ = {
			isa = PBXNativeTarget;
			buildConfigurationList = B0E5932F2F0A427C009D7980 /* Build configuration list for PBXNativeTarget "FLINT" */;
			buildPhases = (
				B0E593182F0A427A009D7980 /* Sources */,
				B0E593192F0A427A009D7980 /* Frameworks */,
				B0E5931A2F0A427A009D7980 /* Resources */,
			);
			buildRules = (
			);
			dependencies = (
			);
			fileSystemSynchronizedGroups = (
				B0E5931E2F0A427A009D7980 /* FLINT */,
			);
			name = FLINT;
			packageProductDependencies = (
				B0E593902F0BFB1C009D7980 /* SnapKit */,
				B0E593932F0BFB28009D7980 /* Then */,
				B0E593962F0BFB32009D7980 /* Kingfisher */,
				B0E593992F0BFB88009D7980 /* CombineMoya */,
				B0E5939B2F0BFB88009D7980 /* Moya */,
				B0E5939D2F0BFB88009D7980 /* ReactiveMoya */,
				B0E5939F2F0BFB88009D7980 /* RxMoya */,
				B0E593A22F0BFC56009D7980 /* Lottie */,
			);
			productName = FLINT;
			productReference = B0E5931C2F0A427A009D7980 /* FLINT.app */;
			productType = "com.apple.product-type.application";
		};
/* End PBXNativeTarget section */

/* Begin PBXProject section */
		B0E593142F0A427A009D7980 /* Project object */ = {
			isa = PBXProject;
			attributes = {
				BuildIndependentTargetsInParallel = 1;
				LastSwiftUpdateCheck = 2620;
				LastUpgradeCheck = 2620;
				TargetAttributes = {
					B0E5931B2F0A427A009D7980 = {
						CreatedOnToolsVersion = 26.2;
					};
				};
			};
			buildConfigurationList = B0E593172F0A427A009D7980 /* Build configuration list for PBXProject "FLINT" */;
			developmentRegion = en;
			hasScannedForEncodings = 0;
			knownRegions = (
				en,
				Base,
			);
			mainGroup = B0E593132F0A427A009D7980;
			minimizedProjectReferenceProxies = 1;
			packageReferences = (
				B0E5938F2F0BFB1C009D7980 /* XCRemoteSwiftPackageReference "SnapKit" */,
				B0E593922F0BFB28009D7980 /* XCRemoteSwiftPackageReference "Then" */,
				B0E593952F0BFB32009D7980 /* XCRemoteSwiftPackageReference "Kingfisher" */,
				B0E593982F0BFB88009D7980 /* XCRemoteSwiftPackageReference "Moya" */,
				B0E593A12F0BFC56009D7980 /* XCRemoteSwiftPackageReference "lottie-ios" */,
			);
			preferredProjectObjectVersion = 77;
			productRefGroup = B0E5931D2F0A427A009D7980 /* Products */;
			projectDirPath = "";
			projectRoot = "";
			targets = (
				B0E5931B2F0A427A009D7980 /* FLINT */,
			);
		};
/* End PBXProject section */

/* Begin PBXResourcesBuildPhase section */
		B0E5931A2F0A427A009D7980 /* Resources */ = {
			isa = PBXResourcesBuildPhase;
			buildActionMask = 2147483647;
			files = (
			);
			runOnlyForDeploymentPostprocessing = 0;
		};
/* End PBXResourcesBuildPhase section */

/* Begin PBXSourcesBuildPhase section */
		B0E593182F0A427A009D7980 /* Sources */ = {
			isa = PBXSourcesBuildPhase;
			buildActionMask = 2147483647;
			files = (
			);
			runOnlyForDeploymentPostprocessing = 0;
		};
/* End PBXSourcesBuildPhase section */

/* Begin XCBuildConfiguration section */
		B0E593302F0A427C009D7980 /* Debug */ = {
			isa = XCBuildConfiguration;
			buildSettings = {
				ASSETCATALOG_COMPILER_APPICON_NAME = AppIcon;
				ASSETCATALOG_COMPILER_GLOBAL_ACCENT_COLOR_NAME = AccentColor;
				CODE_SIGN_STYLE = Automatic;
				CURRENT_PROJECT_VERSION = 1;
				DEVELOPMENT_TEAM = 25T8MAPKDL;
				GENERATE_INFOPLIST_FILE = YES;
				INFOPLIST_FILE = FLINT/Info.plist;
				INFOPLIST_KEY_UIApplicationSupportsIndirectInputEvents = YES;
				INFOPLIST_KEY_UILaunchStoryboardName = LaunchScreen;
				INFOPLIST_KEY_UISupportedInterfaceOrientations_iPad = "UIInterfaceOrientationPortrait UIInterfaceOrientationPortraitUpsideDown UIInterfaceOrientationLandscapeLeft UIInterfaceOrientationLandscapeRight";
				INFOPLIST_KEY_UISupportedInterfaceOrientations_iPhone = "UIInterfaceOrientationPortrait UIInterfaceOrientationLandscapeLeft UIInterfaceOrientationLandscapeRight";
				IPHONEOS_DEPLOYMENT_TARGET = 16.6;
				LD_RUNPATH_SEARCH_PATHS = (
					"$(inherited)",
					"@executable_path/Frameworks",
				);
				MARKETING_VERSION = 1.0;
				PRODUCT_BUNDLE_IDENTIFIER = com.soeun.FLINT;
				PRODUCT_NAME = "$(TARGET_NAME)";
				STRING_CATALOG_GENERATE_SYMBOLS = YES;
				SWIFT_APPROACHABLE_CONCURRENCY = YES;
				SWIFT_DEFAULT_ACTOR_ISOLATION = MainActor;
				SWIFT_EMIT_LOC_STRINGS = YES;
				SWIFT_UPCOMING_FEATURE_MEMBER_IMPORT_VISIBILITY = YES;
				SWIFT_VERSION = 5.0;
				TARGETED_DEVICE_FAMILY = "1,2";
			};
			name = Debug;
		};
		B0E593312F0A427C009D7980 /* Release */ = {
			isa = XCBuildConfiguration;
			buildSettings = {
				ASSETCATALOG_COMPILER_APPICON_NAME = AppIcon;
				ASSETCATALOG_COMPILER_GLOBAL_ACCENT_COLOR_NAME = AccentColor;
				CODE_SIGN_STYLE = Automatic;
				CURRENT_PROJECT_VERSION = 1;
				DEVELOPMENT_TEAM = 25T8MAPKDL;
				GENERATE_INFOPLIST_FILE = YES;
				INFOPLIST_FILE = FLINT/Info.plist;
				INFOPLIST_KEY_UIApplicationSupportsIndirectInputEvents = YES;
				INFOPLIST_KEY_UILaunchStoryboardName = LaunchScreen;
				INFOPLIST_KEY_UISupportedInterfaceOrientations_iPad = "UIInterfaceOrientationPortrait UIInterfaceOrientationPortraitUpsideDown UIInterfaceOrientationLandscapeLeft UIInterfaceOrientationLandscapeRight";
				INFOPLIST_KEY_UISupportedInterfaceOrientations_iPhone = "UIInterfaceOrientationPortrait UIInterfaceOrientationLandscapeLeft UIInterfaceOrientationLandscapeRight";
				IPHONEOS_DEPLOYMENT_TARGET = 16.6;
				LD_RUNPATH_SEARCH_PATHS = (
					"$(inherited)",
					"@executable_path/Frameworks",
				);
				MARKETING_VERSION = 1.0;
				PRODUCT_BUNDLE_IDENTIFIER = com.soeun.FLINT;
				PRODUCT_NAME = "$(TARGET_NAME)";
				STRING_CATALOG_GENERATE_SYMBOLS = YES;
				SWIFT_APPROACHABLE_CONCURRENCY = YES;
				SWIFT_DEFAULT_ACTOR_ISOLATION = MainActor;
				SWIFT_EMIT_LOC_STRINGS = YES;
				SWIFT_UPCOMING_FEATURE_MEMBER_IMPORT_VISIBILITY = YES;
				SWIFT_VERSION = 5.0;
				TARGETED_DEVICE_FAMILY = "1,2";
			};
			name = Release;
		};
		B0E593322F0A427C009D7980 /* Debug */ = {
			isa = XCBuildConfiguration;
			buildSettings = {
				ALWAYS_SEARCH_USER_PATHS = NO;
				ASSETCATALOG_COMPILER_GENERATE_SWIFT_ASSET_SYMBOL_EXTENSIONS = YES;
				CLANG_ANALYZER_NONNULL = YES;
				CLANG_ANALYZER_NUMBER_OBJECT_CONVERSION = YES_AGGRESSIVE;
				CLANG_CXX_LANGUAGE_STANDARD = "gnu++20";
				CLANG_ENABLE_MODULES = YES;
				CLANG_ENABLE_OBJC_ARC = YES;
				CLANG_ENABLE_OBJC_WEAK = YES;
				CLANG_WARN_BLOCK_CAPTURE_AUTORELEASING = YES;
				CLANG_WARN_BOOL_CONVERSION = YES;
				CLANG_WARN_COMMA = YES;
				CLANG_WARN_CONSTANT_CONVERSION = YES;
				CLANG_WARN_DEPRECATED_OBJC_IMPLEMENTATIONS = YES;
				CLANG_WARN_DIRECT_OBJC_ISA_USAGE = YES_ERROR;
				CLANG_WARN_DOCUMENTATION_COMMENTS = YES;
				CLANG_WARN_EMPTY_BODY = YES;
				CLANG_WARN_ENUM_CONVERSION = YES;
				CLANG_WARN_INFINITE_RECURSION = YES;
				CLANG_WARN_INT_CONVERSION = YES;
				CLANG_WARN_NON_LITERAL_NULL_CONVERSION = YES;
				CLANG_WARN_OBJC_IMPLICIT_RETAIN_SELF = YES;
				CLANG_WARN_OBJC_LITERAL_CONVERSION = YES;
				CLANG_WARN_OBJC_ROOT_CLASS = YES_ERROR;
				CLANG_WARN_QUOTED_INCLUDE_IN_FRAMEWORK_HEADER = YES;
				CLANG_WARN_RANGE_LOOP_ANALYSIS = YES;
				CLANG_WARN_STRICT_PROTOTYPES = YES;
				CLANG_WARN_SUSPICIOUS_MOVE = YES;
				CLANG_WARN_UNGUARDED_AVAILABILITY = YES_AGGRESSIVE;
				CLANG_WARN_UNREACHABLE_CODE = YES;
				CLANG_WARN__DUPLICATE_METHOD_MATCH = YES;
				COPY_PHASE_STRIP = NO;
				DEBUG_INFORMATION_FORMAT = dwarf;
				DEVELOPMENT_TEAM = 25T8MAPKDL;
				ENABLE_STRICT_OBJC_MSGSEND = YES;
				ENABLE_TESTABILITY = YES;
				ENABLE_USER_SCRIPT_SANDBOXING = YES;
				GCC_C_LANGUAGE_STANDARD = gnu17;
				GCC_DYNAMIC_NO_PIC = NO;
				GCC_NO_COMMON_BLOCKS = YES;
				GCC_OPTIMIZATION_LEVEL = 0;
				GCC_PREPROCESSOR_DEFINITIONS = (
					"DEBUG=1",
					"$(inherited)",
				);
				GCC_WARN_64_TO_32_BIT_CONVERSION = YES;
				GCC_WARN_ABOUT_RETURN_TYPE = YES_ERROR;
				GCC_WARN_UNDECLARED_SELECTOR = YES;
				GCC_WARN_UNINITIALIZED_AUTOS = YES_AGGRESSIVE;
				GCC_WARN_UNUSED_FUNCTION = YES;
				GCC_WARN_UNUSED_VARIABLE = YES;
				IPHONEOS_DEPLOYMENT_TARGET = 26.2;
				LOCALIZATION_PREFERS_STRING_CATALOGS = YES;
				MTL_ENABLE_DEBUG_INFO = INCLUDE_SOURCE;
				MTL_FAST_MATH = YES;
				ONLY_ACTIVE_ARCH = YES;
				SDKROOT = iphoneos;
				SWIFT_ACTIVE_COMPILATION_CONDITIONS = "DEBUG $(inherited)";
				SWIFT_OPTIMIZATION_LEVEL = "-Onone";
			};
			name = Debug;
		};
		B0E593332F0A427C009D7980 /* Release */ = {
			isa = XCBuildConfiguration;
			buildSettings = {
				ALWAYS_SEARCH_USER_PATHS = NO;
				ASSETCATALOG_COMPILER_GENERATE_SWIFT_ASSET_SYMBOL_EXTENSIONS = YES;
				CLANG_ANALYZER_NONNULL = YES;
				CLANG_ANALYZER_NUMBER_OBJECT_CONVERSION = YES_AGGRESSIVE;
				CLANG_CXX_LANGUAGE_STANDARD = "gnu++20";
				CLANG_ENABLE_MODULES = YES;
				CLANG_ENABLE_OBJC_ARC = YES;
				CLANG_ENABLE_OBJC_WEAK = YES;
				CLANG_WARN_BLOCK_CAPTURE_AUTORELEASING = YES;
				CLANG_WARN_BOOL_CONVERSION = YES;
				CLANG_WARN_COMMA = YES;
				CLANG_WARN_CONSTANT_CONVERSION = YES;
				CLANG_WARN_DEPRECATED_OBJC_IMPLEMENTATIONS = YES;
				CLANG_WARN_DIRECT_OBJC_ISA_USAGE = YES_ERROR;
				CLANG_WARN_DOCUMENTATION_COMMENTS = YES;
				CLANG_WARN_EMPTY_BODY = YES;
				CLANG_WARN_ENUM_CONVERSION = YES;
				CLANG_WARN_INFINITE_RECURSION = YES;
				CLANG_WARN_INT_CONVERSION = YES;
				CLANG_WARN_NON_LITERAL_NULL_CONVERSION = YES;
				CLANG_WARN_OBJC_IMPLICIT_RETAIN_SELF = YES;
				CLANG_WARN_OBJC_LITERAL_CONVERSION = YES;
				CLANG_WARN_OBJC_ROOT_CLASS = YES_ERROR;
				CLANG_WARN_QUOTED_INCLUDE_IN_FRAMEWORK_HEADER = YES;
				CLANG_WARN_RANGE_LOOP_ANALYSIS = YES;
				CLANG_WARN_STRICT_PROTOTYPES = YES;
				CLANG_WARN_SUSPICIOUS_MOVE = YES;
				CLANG_WARN_UNGUARDED_AVAILABILITY = YES_AGGRESSIVE;
				CLANG_WARN_UNREACHABLE_CODE = YES;
				CLANG_WARN__DUPLICATE_METHOD_MATCH = YES;
				COPY_PHASE_STRIP = NO;
				DEBUG_INFORMATION_FORMAT = "dwarf-with-dsym";
				DEVELOPMENT_TEAM = 25T8MAPKDL;
				ENABLE_NS_ASSERTIONS = NO;
				ENABLE_STRICT_OBJC_MSGSEND = YES;
				ENABLE_USER_SCRIPT_SANDBOXING = YES;
				GCC_C_LANGUAGE_STANDARD = gnu17;
				GCC_NO_COMMON_BLOCKS = YES;
				GCC_WARN_64_TO_32_BIT_CONVERSION = YES;
				GCC_WARN_ABOUT_RETURN_TYPE = YES_ERROR;
				GCC_WARN_UNDECLARED_SELECTOR = YES;
				GCC_WARN_UNINITIALIZED_AUTOS = YES_AGGRESSIVE;
				GCC_WARN_UNUSED_FUNCTION = YES;
				GCC_WARN_UNUSED_VARIABLE = YES;
				IPHONEOS_DEPLOYMENT_TARGET = 26.2;
				LOCALIZATION_PREFERS_STRING_CATALOGS = YES;
				MTL_ENABLE_DEBUG_INFO = NO;
				MTL_FAST_MATH = YES;
				SDKROOT = iphoneos;
				SWIFT_COMPILATION_MODE = wholemodule;
				VALIDATE_PRODUCT = YES;
			};
			name = Release;
		};
/* End XCBuildConfiguration section */

/* Begin XCConfigurationList section */
		B0E593172F0A427A009D7980 /* Build configuration list for PBXProject "FLINT" */ = {
			isa = XCConfigurationList;
			buildConfigurations = (
				B0E593322F0A427C009D7980 /* Debug */,
				B0E593332F0A427C009D7980 /* Release */,
			);
			defaultConfigurationIsVisible = 0;
			defaultConfigurationName = Release;
		};
		B0E5932F2F0A427C009D7980 /* Build configuration list for PBXNativeTarget "FLINT" */ = {
			isa = XCConfigurationList;
			buildConfigurations = (
				B0E593302F0A427C009D7980 /* Debug */,
				B0E593312F0A427C009D7980 /* Release */,
			);
			defaultConfigurationIsVisible = 0;
			defaultConfigurationName = Release;
		};
/* End XCConfigurationList section */

/* Begin XCRemoteSwiftPackageReference section */
		B0E5938F2F0BFB1C009D7980 /* XCRemoteSwiftPackageReference "SnapKit" */ = {
			isa = XCRemoteSwiftPackageReference;
			repositoryURL = "https://github.com/SnapKit/SnapKit.git";
			requirement = {
				kind = upToNextMajorVersion;
				minimumVersion = 5.7.1;
			};
		};
		B0E593922F0BFB28009D7980 /* XCRemoteSwiftPackageReference "Then" */ = {
			isa = XCRemoteSwiftPackageReference;
			repositoryURL = "https://github.com/devxoul/Then.git";
			requirement = {
				kind = upToNextMajorVersion;
				minimumVersion = 3.0.0;
			};
		};
		B0E593952F0BFB32009D7980 /* XCRemoteSwiftPackageReference "Kingfisher" */ = {
			isa = XCRemoteSwiftPackageReference;
			repositoryURL = "https://github.com/onevcat/Kingfisher";
			requirement = {
				kind = upToNextMajorVersion;
				minimumVersion = 8.6.2;
			};
		};
		B0E593982F0BFB88009D7980 /* XCRemoteSwiftPackageReference "Moya" */ = {
			isa = XCRemoteSwiftPackageReference;
			repositoryURL = "https://github.com/Moya/Moya";
			requirement = {
				kind = upToNextMajorVersion;
				minimumVersion = 15.0.3;
			};
		};
		B0E593A12F0BFC56009D7980 /* XCRemoteSwiftPackageReference "lottie-ios" */ = {
			isa = XCRemoteSwiftPackageReference;
			repositoryURL = "https://github.com/airbnb/lottie-ios";
			requirement = {
				kind = upToNextMajorVersion;
				minimumVersion = 4.5.2;
			};
		};
/* End XCRemoteSwiftPackageReference section */

/* Begin XCSwiftPackageProductDependency section */
		B0E593902F0BFB1C009D7980 /* SnapKit */ = {
			isa = XCSwiftPackageProductDependency;
			package = B0E5938F2F0BFB1C009D7980 /* XCRemoteSwiftPackageReference "SnapKit" */;
			productName = SnapKit;
		};
		B0E593932F0BFB28009D7980 /* Then */ = {
			isa = XCSwiftPackageProductDependency;
			package = B0E593922F0BFB28009D7980 /* XCRemoteSwiftPackageReference "Then" */;
			productName = Then;
		};
		B0E593962F0BFB32009D7980 /* Kingfisher */ = {
			isa = XCSwiftPackageProductDependency;
			package = B0E593952F0BFB32009D7980 /* XCRemoteSwiftPackageReference "Kingfisher" */;
			productName = Kingfisher;
		};
		B0E593992F0BFB88009D7980 /* CombineMoya */ = {
			isa = XCSwiftPackageProductDependency;
			package = B0E593982F0BFB88009D7980 /* XCRemoteSwiftPackageReference "Moya" */;
			productName = CombineMoya;
		};
		B0E5939B2F0BFB88009D7980 /* Moya */ = {
			isa = XCSwiftPackageProductDependency;
			package = B0E593982F0BFB88009D7980 /* XCRemoteSwiftPackageReference "Moya" */;
			productName = Moya;
		};
		B0E5939D2F0BFB88009D7980 /* ReactiveMoya */ = {
			isa = XCSwiftPackageProductDependency;
			package = B0E593982F0BFB88009D7980 /* XCRemoteSwiftPackageReference "Moya" */;
			productName = ReactiveMoya;
		};
		B0E5939F2F0BFB88009D7980 /* RxMoya */ = {
			isa = XCSwiftPackageProductDependency;
			package = B0E593982F0BFB88009D7980 /* XCRemoteSwiftPackageReference "Moya" */;
			productName = RxMoya;
		};
		B0E593A22F0BFC56009D7980 /* Lottie */ = {
			isa = XCSwiftPackageProductDependency;
			package = B0E593A12F0BFC56009D7980 /* XCRemoteSwiftPackageReference "lottie-ios" */;
			productName = Lottie;
		};
/* End XCSwiftPackageProductDependency section */
	};
	rootObject = B0E593142F0A427A009D7980 /* Project object */;
}
